
Microsoft Visual Studio Solution File, Format Version 12.00
# Visual Studio 2013
VisualStudioVersion = 12.0.31101.0
MinimumVisualStudioVersion = 10.0.40219.1
Project("{2150E333-8FDC-42A3-9474-1A3956D46DE8}") = "Moegirlpedia", "Moegirlpedia", "{FD8280C0-9316-4913-9B48-89C3638578C4}"
EndProject
Project("{D954291E-2A0B-460D-934E-DC6B0785DB48}") = "Moegirlpedia.Shared", "Moegirlpedia\Moegirlpedia.Shared\Moegirlpedia.Shared.shproj", "{DDFA8ECF-2504-487D-86FB-4C0AC10305F4}"
EndProject
Project("{FAE04EC0-301F-11D3-BF4B-00C04F79EFBC}") = "Moegirlpedia.Windows", "Moegirlpedia\Moegirlpedia.Windows\Moegirlpedia.Windows.csproj", "{D0D67D0A-D283-45BF-ADA5-4A935B3D1FD8}"
EndProject
Project("{FAE04EC0-301F-11D3-BF4B-00C04F79EFBC}") = "Moegirlpedia.WindowsPhone", "Moegirlpedia\Moegirlpedia.WindowsPhone\Moegirlpedia.WindowsPhone.csproj", "{63163D68-C728-4E57-B35B-AE12FA79CA73}"
EndProject
Project("{2150E333-8FDC-42A3-9474-1A3956D46DE8}") = "Solution Items", "Solution Items", "{8C6745E1-6FCB-4495-98E9-2EF355F6AF6A}"
	ProjectSection(SolutionItems) = preProject
		LICENSE.txt = LICENSE.txt
	EndProjectSection
EndProject
Project("{FAE04EC0-301F-11D3-BF4B-00C04F79EFBC}") = "WikitextHelperTest", "WikitextHelperTest\WikitextHelperTest.csproj", "{4183E9B2-D0DC-4C7B-AA2D-0BE305EFFB0A}"
EndProject
Project("{FAE04EC0-301F-11D3-BF4B-00C04F79EFBC}") = "Moegirlpedia.WikitextParser", "Moegirlpedia.WikitextParser\Moegirlpedia.WikitextParser.csproj", "{98423140-6452-4AAF-A70B-2930C93F5AA9}"
EndProject
Project("{F088123C-0E9E-452A-89E6-6BA2F21D5CAC}") = "WikitextParserModeling", "WikitextParserModeling\WikitextParserModeling.modelproj", "{0A2A033F-978A-4700-92C9-0F1C7B7388F9}"
EndProject
Global
	GlobalSection(SharedMSBuildProjectFiles) = preSolution
		Moegirlpedia\Moegirlpedia.Shared\Moegirlpedia.Shared.projitems*{ddfa8ecf-2504-487d-86fb-4c0ac10305f4}*SharedItemsImports = 13
		Moegirlpedia\Moegirlpedia.Shared\Moegirlpedia.Shared.projitems*{63163d68-c728-4e57-b35b-ae12fa79ca73}*SharedItemsImports = 4
		Moegirlpedia\Moegirlpedia.Shared\Moegirlpedia.Shared.projitems*{d0d67d0a-d283-45bf-ada5-4a935b3d1fd8}*SharedItemsImports = 4
	EndGlobalSection
	GlobalSection(SolutionConfigurationPlatforms) = preSolution
		Debug|Any CPU = Debug|Any CPU
		Debug|ARM = Debug|ARM
		Debug|x64 = Debug|x64
		Debug|x86 = Debug|x86
		Release|Any CPU = Release|Any CPU
		Release|ARM = Release|ARM
		Release|x64 = Release|x64
		Release|x86 = Release|x86
	EndGlobalSection
	GlobalSection(ProjectConfigurationPlatforms) = postSolution
		{D0D67D0A-D283-45BF-ADA5-4A935B3D1FD8}.Debug|Any CPU.ActiveCfg = Debug|Any CPU
		{D0D67D0A-D283-45BF-ADA5-4A935B3D1FD8}.Debug|Any CPU.Build.0 = Debug|Any CPU
		{D0D67D0A-D283-45BF-ADA5-4A935B3D1FD8}.Debug|Any CPU.Deploy.0 = Debug|Any CPU
		{D0D67D0A-D283-45BF-ADA5-4A935B3D1FD8}.Debug|ARM.ActiveCfg = Debug|ARM
		{D0D67D0A-D283-45BF-ADA5-4A935B3D1FD8}.Debug|ARM.Build.0 = Debug|ARM
		{D0D67D0A-D283-45BF-ADA5-4A935B3D1FD8}.Debug|ARM.Deploy.0 = Debug|ARM
		{D0D67D0A-D283-45BF-ADA5-4A935B3D1FD8}.Debug|x64.ActiveCfg = Debug|x64
		{D0D67D0A-D283-45BF-ADA5-4A935B3D1FD8}.Debug|x64.Build.0 = Debug|x64
		{D0D67D0A-D283-45BF-ADA5-4A935B3D1FD8}.Debug|x64.Deploy.0 = Debug|x64
		{D0D67D0A-D283-45BF-ADA5-4A935B3D1FD8}.Debug|x86.ActiveCfg = Debug|x86
		{D0D67D0A-D283-45BF-ADA5-4A935B3D1FD8}.Debug|x86.Build.0 = Debug|x86
		{D0D67D0A-D283-45BF-ADA5-4A935B3D1FD8}.Debug|x86.Deploy.0 = Debug|x86
		{D0D67D0A-D283-45BF-ADA5-4A935B3D1FD8}.Release|Any CPU.ActiveCfg = Release|Any CPU
		{D0D67D0A-D283-45BF-ADA5-4A935B3D1FD8}.Release|Any CPU.Build.0 = Release|Any CPU
		{D0D67D0A-D283-45BF-ADA5-4A935B3D1FD8}.Release|Any CPU.Deploy.0 = Release|Any CPU
		{D0D67D0A-D283-45BF-ADA5-4A935B3D1FD8}.Release|ARM.ActiveCfg = Release|ARM
		{D0D67D0A-D283-45BF-ADA5-4A935B3D1FD8}.Release|ARM.Build.0 = Release|ARM
		{D0D67D0A-D283-45BF-ADA5-4A935B3D1FD8}.Release|ARM.Deploy.0 = Release|ARM
		{D0D67D0A-D283-45BF-ADA5-4A935B3D1FD8}.Release|x64.ActiveCfg = Release|x64
		{D0D67D0A-D283-45BF-ADA5-4A935B3D1FD8}.Release|x64.Build.0 = Release|x64
		{D0D67D0A-D283-45BF-ADA5-4A935B3D1FD8}.Release|x64.Deploy.0 = Release|x64
		{D0D67D0A-D283-45BF-ADA5-4A935B3D1FD8}.Release|x86.ActiveCfg = Release|x86
		{D0D67D0A-D283-45BF-ADA5-4A935B3D1FD8}.Release|x86.Build.0 = Release|x86
		{D0D67D0A-D283-45BF-ADA5-4A935B3D1FD8}.Release|x86.Deploy.0 = Release|x86
		{63163D68-C728-4E57-B35B-AE12FA79CA73}.Debug|Any CPU.ActiveCfg = Debug|Any CPU
		{63163D68-C728-4E57-B35B-AE12FA79CA73}.Debug|Any CPU.Build.0 = Debug|Any CPU
		{63163D68-C728-4E57-B35B-AE12FA79CA73}.Debug|Any CPU.Deploy.0 = Debug|Any CPU
		{63163D68-C728-4E57-B35B-AE12FA79CA73}.Debug|ARM.ActiveCfg = Debug|ARM
		{63163D68-C728-4E57-B35B-AE12FA79CA73}.Debug|ARM.Build.0 = Debug|ARM
		{63163D68-C728-4E57-B35B-AE12FA79CA73}.Debug|ARM.Deploy.0 = Debug|ARM
		{63163D68-C728-4E57-B35B-AE12FA79CA73}.Debug|x64.ActiveCfg = Debug|Any CPU
		{63163D68-C728-4E57-B35B-AE12FA79CA73}.Debug|x86.ActiveCfg = Debug|x86
		{63163D68-C728-4E57-B35B-AE12FA79CA73}.Debug|x86.Build.0 = Debug|x86
		{63163D68-C728-4E57-B35B-AE12FA79CA73}.Debug|x86.Deploy.0 = Debug|x86
		{63163D68-C728-4E57-B35B-AE12FA79CA73}.Release|Any CPU.ActiveCfg = Release|Any CPU
		{63163D68-C728-4E57-B35B-AE12FA79CA73}.Release|Any CPU.Build.0 = Release|Any CPU
		{63163D68-C728-4E57-B35B-AE12FA79CA73}.Release|Any CPU.Deploy.0 = Release|Any CPU
		{63163D68-C728-4E57-B35B-AE12FA79CA73}.Release|ARM.ActiveCfg = Release|ARM
		{63163D68-C728-4E57-B35B-AE12FA79CA73}.Release|ARM.Build.0 = Release|ARM
		{63163D68-C728-4E57-B35B-AE12FA79CA73}.Release|ARM.Deploy.0 = Release|ARM
		{63163D68-C728-4E57-B35B-AE12FA79CA73}.Release|x64.ActiveCfg = Release|Any CPU
		{63163D68-C728-4E57-B35B-AE12FA79CA73}.Release|x86.ActiveCfg = Release|x86
		{63163D68-C728-4E57-B35B-AE12FA79CA73}.Release|x86.Build.0 = Release|x86
		{63163D68-C728-4E57-B35B-AE12FA79CA73}.Release|x86.Deploy.0 = Release|x86
		{4183E9B2-D0DC-4C7B-AA2D-0BE305EFFB0A}.Debug|Any CPU.ActiveCfg = Debug|Any CPU
		{4183E9B2-D0DC-4C7B-AA2D-0BE305EFFB0A}.Debug|Any CPU.Build.0 = Debug|Any CPU
		{4183E9B2-D0DC-4C7B-AA2D-0BE305EFFB0A}.Debug|ARM.ActiveCfg = Debug|Any CPU
		{4183E9B2-D0DC-4C7B-AA2D-0BE305EFFB0A}.Debug|x64.ActiveCfg = Debug|Any CPU
		{4183E9B2-D0DC-4C7B-AA2D-0BE305EFFB0A}.Debug|x86.ActiveCfg = Debug|Any CPU
		{4183E9B2-D0DC-4C7B-AA2D-0BE305EFFB0A}.Release|Any CPU.ActiveCfg = Release|Any CPU
		{4183E9B2-D0DC-4C7B-AA2D-0BE305EFFB0A}.Release|Any CPU.Build.0 = Release|Any CPU
		{4183E9B2-D0DC-4C7B-AA2D-0BE305EFFB0A}.Release|ARM.ActiveCfg = Release|Any CPU
		{4183E9B2-D0DC-4C7B-AA2D-0BE305EFFB0A}.Release|x64.ActiveCfg = Release|Any CPU
		{4183E9B2-D0DC-4C7B-AA2D-0BE305EFFB0A}.Release|x86.ActiveCfg = Release|Any CPU
		{98423140-6452-4AAF-A70B-2930C93F5AA9}.Debug|Any CPU.ActiveCfg = Debug|Any CPU
		{98423140-6452-4AAF-A70B-2930C93F5AA9}.Debug|Any CPU.Build.0 = Debug|Any CPU
		{98423140-6452-4AAF-A70B-2930C93F5AA9}.Debug|ARM.ActiveCfg = Debug|Any CPU
		{98423140-6452-4AAF-A70B-2930C93F5AA9}.Debug|x64.ActiveCfg = Debug|Any CPU
		{98423140-6452-4AAF-A70B-2930C93F5AA9}.Debug|x86.ActiveCfg = Debug|Any CPU
		{98423140-6452-4AAF-A70B-2930C93F5AA9}.Release|Any CPU.ActiveCfg = Release|Any CPU
		{98423140-6452-4AAF-A70B-2930C93F5AA9}.Release|Any CPU.Build.0 = Release|Any CPU
		{98423140-6452-4AAF-A70B-2930C93F5AA9}.Release|ARM.ActiveCfg = Release|Any CPU
		{98423140-6452-4AAF-A70B-2930C93F5AA9}.Release|x64.ActiveCfg = Release|Any CPU
		{98423140-6452-4AAF-A70B-2930C93F5AA9}.Release|x86.ActiveCfg = Release|Any CPU
		{0A2A033F-978A-4700-92C9-0F1C7B7388F9}.Debug|Any CPU.ActiveCfg = Debug|Any CPU
		{0A2A033F-978A-4700-92C9-0F1C7B7388F9}.Debug|Any CPU.Build.0 = Debug|Any CPU
		{0A2A033F-978A-4700-92C9-0F1C7B7388F9}.Debug|ARM.ActiveCfg = Debug|Any CPU
		{0A2A033F-978A-4700-92C9-0F1C7B7388F9}.Debug|x64.ActiveCfg = Debug|Any CPU
		{0A2A033F-978A-4700-92C9-0F1C7B7388F9}.Debug|x86.ActiveCfg = Debug|Any CPU
		{0A2A033F-978A-4700-92C9-0F1C7B7388F9}.Release|Any CPU.ActiveCfg = Release|Any CPU
		{0A2A033F-978A-4700-92C9-0F1C7B7388F9}.Release|Any CPU.Build.0 = Release|Any CPU
		{0A2A033F-978A-4700-92C9-0F1C7B7388F9}.Release|ARM.ActiveCfg = Release|Any CPU
		{0A2A033F-978A-4700-92C9-0F1C7B7388F9}.Release|x64.ActiveCfg = Release|Any CPU
		{0A2A033F-978A-4700-92C9-0F1C7B7388F9}.Release|x86.ActiveCfg = Release|Any CPU
	EndGlobalSection
	GlobalSection(SolutionProperties) = preSolution
		HideSolutionNode = FALSE
	EndGlobalSection
	GlobalSection(NestedProjects) = preSolution
		{DDFA8ECF-2504-487D-86FB-4C0AC10305F4} = {FD8280C0-9316-4913-9B48-89C3638578C4}
		{D0D67D0A-D283-45BF-ADA5-4A935B3D1FD8} = {FD8280C0-9316-4913-9B48-89C3638578C4}
		{63163D68-C728-4E57-B35B-AE12FA79CA73} = {FD8280C0-9316-4913-9B48-89C3638578C4}
		{4183E9B2-D0DC-4C7B-AA2D-0BE305EFFB0A} = {FD8280C0-9316-4913-9B48-89C3638578C4}
		{98423140-6452-4AAF-A70B-2930C93F5AA9} = {FD8280C0-9316-4913-9B48-89C3638578C4}
	EndGlobalSection
EndGlobal
